
Microsoft Visual Studio Solution File, Format Version 12.00
# Visual Studio 15
VisualStudioVersion = 15.0.28010.2036
MinimumVisualStudioVersion = 10.0.40219.1
Project("{FAE04EC0-301F-11D3-BF4B-00C04F79EFBC}") = "WordExtractor", "WordExtractor\WordExtractor.csproj", "{FD609A02-B52B-4FF6-B5FB-AC2138BFBF89}"
EndProject
Project("{FAE04EC0-301F-11D3-BF4B-00C04F79EFBC}") = "WordExtractorTests", "WordExtractorTests\WordExtractorTests.csproj", "{E43C1862-A014-4DED-9F1E-A766ABF94B25}"
EndProject
Global
	GlobalSection(SolutionConfigurationPlatforms) = preSolution
		Debug|Any CPU = Debug|Any CPU
		Release|Any CPU = Release|Any CPU
	EndGlobalSection
	GlobalSection(ProjectConfigurationPlatforms) = postSolution
		{FD609A02-B52B-4FF6-B5FB-AC2138BFBF89}.Debug|Any CPU.ActiveCfg = Debug|Any CPU
		{FD609A02-B52B-4FF6-B5FB-AC2138BFBF89}.Debug|Any CPU.Build.0 = Debug|Any CPU
		{FD609A02-B52B-4FF6-B5FB-AC2138BFBF89}.Release|Any CPU.ActiveCfg = Release|Any CPU
		{FD609A02-B52B-4FF6-B5FB-AC2138BFBF89}.Release|Any CPU.Build.0 = Release|Any CPU
		{E43C1862-A014-4DED-9F1E-A766ABF94B25}.Debug|Any CPU.ActiveCfg = Debug|Any CPU
		{E43C1862-A014-4DED-9F1E-A766ABF94B25}.Debug|Any CPU.Build.0 = Debug|Any CPU
		{E43C1862-A014-4DED-9F1E-A766ABF94B25}.Release|Any CPU.ActiveCfg = Release|Any CPU
		{E43C1862-A014-4DED-9F1E-A766ABF94B25}.Release|Any CPU.Build.0 = Release|Any CPU
	EndGlobalSection
	GlobalSection(SolutionProperties) = preSolution
		HideSolutionNode = FALSE
	EndGlobalSection
	GlobalSection(ExtensibilityGlobals) = postSolution
		SolutionGuid = {670AA277-1224-48F6-9757-F1A2269C6743}
	EndGlobalSection
EndGlobal
